
Microsoft Visual Studio Solution File, Format Version 12.00
# Visual Studio 15
VisualStudioVersion = 15.0.28010.2046
MinimumVisualStudioVersion = 10.0.40219.1
Project("{FAE04EC0-301F-11D3-BF4B-00C04F79EFBC}") = "LabTwo", "LabTwo\LabTwo.csproj", "{89D1C7BC-E147-4B58-ADE5-369B4BEEC1B2}"
EndProject
Global
	GlobalSection(SolutionConfigurationPlatforms) = preSolution
		Debug|Any CPU = Debug|Any CPU
		Release|Any CPU = Release|Any CPU
	EndGlobalSection
	GlobalSection(ProjectConfigurationPlatforms) = postSolution
		{89D1C7BC-E147-4B58-ADE5-369B4BEEC1B2}.Debug|Any CPU.ActiveCfg = Debug|Any CPU
		{89D1C7BC-E147-4B58-ADE5-369B4BEEC1B2}.Debug|Any CPU.Build.0 = Debug|Any CPU
		{89D1C7BC-E147-4B58-ADE5-369B4BEEC1B2}.Release|Any CPU.ActiveCfg = Release|Any CPU
		{89D1C7BC-E147-4B58-ADE5-369B4BEEC1B2}.Release|Any CPU.Build.0 = Release|Any CPU
	EndGlobalSection
	GlobalSection(SolutionProperties) = preSolution
		HideSolutionNode = FALSE
	EndGlobalSection
	GlobalSection(ExtensibilityGlobals) = postSolution
		SolutionGuid = {92A60825-818C-4714-97C2-C3B6A21CCC3A}
	EndGlobalSection
EndGlobal
